<?xml version="1.0" encoding="utf-8"?>
<Project ToolsVersion="4.0" xmlns="http://schemas.microsoft.com/developer/msbuild/2003">
  <ItemGroup>
    <ClCompile Include="DeviceHandler.cpp">
      <Filter>Source</Filter>
    </ClCompile>
    <ClCompile Include="main.cpp">
      <Filter>Source</Filter>
    </ClCompile>
    <ClCompile Include="ShaderSet.cpp">
      <Filter>Source</Filter>
    </ClCompile>
    <ClCompile Include="TextureRenderer.cpp">
      <Filter>Source</Filter>
    </ClCompile>
    <ClCompile Include="D3DDebugger.cpp">
      <Filter>Source\Utils</Filter>
    </ClCompile>
    <ClCompile Include="DebugGUI.cpp">
      <Filter>Source\Utils</Filter>
    </ClCompile>
    <ClCompile Include="Profiler.cpp">
      <Filter>Source\Utils</Filter>
    </ClCompile>
    <ClCompile Include="PerfTimer.cpp">
      <Filter>Source\Utils</Filter>
    </ClCompile>
    <ClCompile Include="Timer.cpp">
      <Filter>Source\Utils</Filter>
    </ClCompile>
  </ItemGroup>
  <ItemGroup>
    <ClInclude Include="DeviceHandler.h">
      <Filter>Source</Filter>
    </ClInclude>
    <ClInclude Include="globals.h">
      <Filter>Source</Filter>
    </ClInclude>
    <ClInclude Include="LayoutFactory.h">
      <Filter>Source</Filter>
    </ClInclude>
    <ClInclude Include="ShaderSet.h">
      <Filter>Source</Filter>
    </ClInclude>
    <ClInclude Include="TextureRenderer.h">
      <Filter>Source</Filter>
    </ClInclude>
    <ClInclude Include="TextureSet.h">
      <Filter>Source</Filter>
    </ClInclude>
    <ClInclude Include="Vertex.h">
      <Filter>Source</Filter>
    </ClInclude>
    <ClInclude Include="preProc.h">
      <Filter>Source</Filter>
    </ClInclude>
    <ClInclude Include="cudaUtils.h">
      <Filter>Source\Utils</Filter>
    </ClInclude>
    <ClInclude Include="D3DDebugger.h">
      <Filter>Source\Utils</Filter>
    </ClInclude>
    <ClInclude Include="DebugGUI.h">
      <Filter>Source\Utils</Filter>
    </ClInclude>
    <ClInclude Include="Utils.h">
      <Filter>Source\Utils</Filter>
    </ClInclude>
    <ClInclude Include="Profiler.h">
      <Filter>Source\Utils</Filter>
    </ClInclude>
    <ClInclude Include="PerfTimer.h">
      <Filter>Source\Utils</Filter>
    </ClInclude>
    <ClInclude Include="Timer.h">
      <Filter>Source\Utils</Filter>
    </ClInclude>
  </ItemGroup>
  <ItemGroup>
    <Filter Include="Source">
      <UniqueIdentifier>{2139d3f4-7aa3-4371-8de3-71320e2b6288}</UniqueIdentifier>
    </Filter>
    <Filter Include="Shaders">
      <UniqueIdentifier>{bc26860b-ccf3-4178-bc6c-b64728af81ef}</UniqueIdentifier>
    </Filter>
    <Filter Include="Cuda kernels">
      <UniqueIdentifier>{9e0b90a8-ee86-4408-8af6-e0102eef8c12}</UniqueIdentifier>
    </Filter>
    <Filter Include="Source\Utils">
      <UniqueIdentifier>{3d230d8b-9d45-44ef-8a1c-a83858e964f6}</UniqueIdentifier>
    </Filter>
  </ItemGroup>
  <ItemGroup>
    <FxCompile Include="..\shaders\common.hlsl">
      <Filter>Shaders</Filter>
    </FxCompile>
    <FxCompile Include="..\shaders\regularPs.hlsl">
      <Filter>Shaders</Filter>
    </FxCompile>
    <FxCompile Include="..\shaders\regularVs.hlsl">
      <Filter>Shaders</Filter>
    </FxCompile>
  </ItemGroup>
  <ItemGroup>
    <CudaCompile Include="kernel.cu">
      <Filter>Cuda kernels</Filter>
    </CudaCompile>
    <CudaCompile Include="gradient.cu">
      <Filter>Cuda kernels</Filter>
    </CudaCompile>
    <CudaCompile Include="sinGrid.cu">
      <Filter>Cuda kernels</Filter>
    </CudaCompile>
    <CudaCompile Include="diamondSquare.cu">
      <Filter>Cuda kernels</Filter>
    </CudaCompile>
  </ItemGroup>
  <ItemGroup>
    <None Include="kernel.cuh">
      <Filter>Cuda kernels</Filter>
    </None>
    <None Include="sinGrid.cuh">
      <Filter>Cuda kernels</Filter>
    </None>
    <None Include="gradient.cuh">
      <Filter>Cuda kernels</Filter>
    </None>
    <None Include="diamondSquare.cuh">
      <Filter>Cuda kernels</Filter>
    </None>
  </ItemGroup>
</Project>