<?xml version="1.0" encoding="utf-8"?>
<Project ToolsVersion="4.0" xmlns="http://schemas.microsoft.com/developer/msbuild/2003">
  <ItemGroup>
    <ClCompile Include="DeviceHandler.cpp">
      <Filter>Source</Filter>
    </ClCompile>
    <ClCompile Include="main.cpp">
      <Filter>Source</Filter>
    </ClCompile>
    <ClCompile Include="ShaderSet.cpp">
      <Filter>Source</Filter>
    </ClCompile>
    <ClCompile Include="TextureRenderer.cpp">
      <Filter>Source</Filter>
    </ClCompile>
    <ClCompile Include="D3DDebugger.cpp" />
  </ItemGroup>
  <ItemGroup>
    <ClInclude Include="cudaUtils.h">
      <Filter>Source</Filter>
    </ClInclude>
    <ClInclude Include="DeviceHandler.h">
      <Filter>Source</Filter>
    </ClInclude>
    <ClInclude Include="globals.h">
      <Filter>Source</Filter>
    </ClInclude>
    <ClInclude Include="LayoutFactory.h">
      <Filter>Source</Filter>
    </ClInclude>
    <ClInclude Include="ShaderSet.h">
      <Filter>Source</Filter>
    </ClInclude>
    <ClInclude Include="TextureRenderer.h">
      <Filter>Source</Filter>
    </ClInclude>
    <ClInclude Include="TextureSet.h">
      <Filter>Source</Filter>
    </ClInclude>
    <ClInclude Include="Utils.h">
      <Filter>Source</Filter>
    </ClInclude>
    <ClInclude Include="Vertex.h">
      <Filter>Source</Filter>
    </ClInclude>
    <ClInclude Include="D3DDebugger.h" />
  </ItemGroup>
  <ItemGroup>
    <Filter Include="Source">
      <UniqueIdentifier>{2139d3f4-7aa3-4371-8de3-71320e2b6288}</UniqueIdentifier>
    </Filter>
    <Filter Include="Shaders">
      <UniqueIdentifier>{bc26860b-ccf3-4178-bc6c-b64728af81ef}</UniqueIdentifier>
    </Filter>
  </ItemGroup>
  <ItemGroup>
    <CudaCompile Include="kernel.cu">
      <Filter>Source</Filter>
    </CudaCompile>
  </ItemGroup>
  <ItemGroup>
    <None Include="kernel.cuh">
      <Filter>Source</Filter>
    </None>
  </ItemGroup>
  <ItemGroup>
    <FxCompile Include="..\shaders\common.hlsl">
      <Filter>Shaders</Filter>
    </FxCompile>
    <FxCompile Include="..\shaders\regularPs.hlsl">
      <Filter>Shaders</Filter>
    </FxCompile>
    <FxCompile Include="..\shaders\regularVs.hlsl">
      <Filter>Shaders</Filter>
    </FxCompile>
  </ItemGroup>
</Project>